
Microsoft Visual Studio Solution File, Format Version 12.00
# Visual Studio Version 16
VisualStudioVersion = 16.0.30320.27
MinimumVisualStudioVersion = 10.0.40219.1
Project("{FAE04EC0-301F-11D3-BF4B-00C04F79EFBC}") = "БД НТИ", "БД НТИ.csproj", "{7E09AF2D-3383-449E-8C26-DFEE5178110B}"
EndProject
Project("{2150E333-8FDC-42A3-9474-1A3956D46DE8}") = "Solution Items", "Solution Items", "{0282D604-0E8A-45C6-9A9B-3BA4F97758D8}"
EndProject
Project("{54435603-DBB4-11D2-8724-00A0C9A8B90C}") = "Setup DB PNI", "..\Setup DB PNI\Setup DB PNI.vdproj", "{75083EC6-3F55-4A53-8630-1B4DE7A3D5D3}"
EndProject
Global
	GlobalSection(SolutionConfigurationPlatforms) = preSolution
		Debug|Any CPU = Debug|Any CPU
		Release|Any CPU = Release|Any CPU
	EndGlobalSection
	GlobalSection(ProjectConfigurationPlatforms) = postSolution
		{7E09AF2D-3383-449E-8C26-DFEE5178110B}.Debug|Any CPU.ActiveCfg = Debug|Any CPU
		{7E09AF2D-3383-449E-8C26-DFEE5178110B}.Debug|Any CPU.Build.0 = Debug|Any CPU
		{7E09AF2D-3383-449E-8C26-DFEE5178110B}.Release|Any CPU.ActiveCfg = Release|Any CPU
		{7E09AF2D-3383-449E-8C26-DFEE5178110B}.Release|Any CPU.Build.0 = Release|Any CPU
		{75083EC6-3F55-4A53-8630-1B4DE7A3D5D3}.Debug|Any CPU.ActiveCfg = Debug
		{75083EC6-3F55-4A53-8630-1B4DE7A3D5D3}.Release|Any CPU.ActiveCfg = Release
	EndGlobalSection
	GlobalSection(SolutionProperties) = preSolution
		HideSolutionNode = FALSE
	EndGlobalSection
	GlobalSection(ExtensibilityGlobals) = postSolution
		SolutionGuid = {E1DC30A7-1F2F-49DE-96AD-4EC6EA4D8977}
	EndGlobalSection
EndGlobal
